// !$*UTF8*$!
{
	archiveVersion = 1;
	classes = {
	};
	objectVersion = 50;
	objects = {

/* Begin PBXBuildFile section */
		BC83BA2F267A97060055B764 /* letsgetthatbookingApp.swift in Sources */ = {isa = PBXBuildFile; fileRef = BC83BA1C267A97050055B764 /* letsgetthatbookingApp.swift */; };
		BC83BA30267A97060055B764 /* letsgetthatbookingApp.swift in Sources */ = {isa = PBXBuildFile; fileRef = BC83BA1C267A97050055B764 /* letsgetthatbookingApp.swift */; };
		BC83BA31267A97060055B764 /* ContentView.swift in Sources */ = {isa = PBXBuildFile; fileRef = BC83BA1D267A97050055B764 /* ContentView.swift */; };
		BC83BA32267A97060055B764 /* ContentView.swift in Sources */ = {isa = PBXBuildFile; fileRef = BC83BA1D267A97050055B764 /* ContentView.swift */; };
		BC83BA33267A97060055B764 /* Assets.xcassets in Resources */ = {isa = PBXBuildFile; fileRef = BC83BA1E267A97060055B764 /* Assets.xcassets */; };
		BC83BA34267A97060055B764 /* Assets.xcassets in Resources */ = {isa = PBXBuildFile; fileRef = BC83BA1E267A97060055B764 /* Assets.xcassets */; };
/* End PBXBuildFile section */

/* Begin PBXFileReference section */
		BC83BA1C267A97050055B764 /* letsgetthatbookingApp.swift */ = {isa = PBXFileReference; lastKnownFileType = sourcecode.swift; path = letsgetthatbookingApp.swift; sourceTree = "<group>"; };
		BC83BA1D267A97050055B764 /* ContentView.swift */ = {isa = PBXFileReference; lastKnownFileType = sourcecode.swift; path = ContentView.swift; sourceTree = "<group>"; };
		BC83BA1E267A97060055B764 /* Assets.xcassets */ = {isa = PBXFileReference; lastKnownFileType = folder.assetcatalog; path = Assets.xcassets; sourceTree = "<group>"; };
		BC83BA23267A97060055B764 /* letsgetthatbooking.app */ = {isa = PBXFileReference; explicitFileType = wrapper.application; includeInIndex = 0; path = letsgetthatbooking.app; sourceTree = BUILT_PRODUCTS_DIR; };
		BC83BA26267A97060055B764 /* Info.plist */ = {isa = PBXFileReference; lastKnownFileType = text.plist.xml; path = Info.plist; sourceTree = "<group>"; };
		BC83BA2B267A97060055B764 /* letsgetthatbooking.app */ = {isa = PBXFileReference; explicitFileType = wrapper.application; includeInIndex = 0; path = letsgetthatbooking.app; sourceTree = BUILT_PRODUCTS_DIR; };
		BC83BA2D267A97060055B764 /* Info.plist */ = {isa = PBXFileReference; lastKnownFileType = text.plist.xml; path = Info.plist; sourceTree = "<group>"; };
		BC83BA2E267A97060055B764 /* macOS.entitlements */ = {isa = PBXFileReference; lastKnownFileType = text.plist.entitlements; path = macOS.entitlements; sourceTree = "<group>"; };
/* End PBXFileReference section */

/* Begin PBXFrameworksBuildPhase section */
		BC83BA20267A97060055B764 /* Frameworks */ = {
			isa = PBXFrameworksBuildPhase;
			buildActionMask = 2147483647;
			files = (
			);
			runOnlyForDeploymentPostprocessing = 0;
		};
		BC83BA28267A97060055B764 /* Frameworks */ = {
			isa = PBXFrameworksBuildPhase;
			buildActionMask = 2147483647;
			files = (
			);
			runOnlyForDeploymentPostprocessing = 0;
		};
/* End PBXFrameworksBuildPhase section */

/* Begin PBXGroup section */
		BC83BA16267A97050055B764 = {
			isa = PBXGroup;
			children = (
				BC83BA1B267A97050055B764 /* Shared */,
				BC83BA25267A97060055B764 /* iOS */,
				BC83BA2C267A97060055B764 /* macOS */,
				BC83BA24267A97060055B764 /* Products */,
			);
			sourceTree = "<group>";
		};
		BC83BA1B267A97050055B764 /* Shared */ = {
			isa = PBXGroup;
			children = (
				BC83BA1C267A97050055B764 /* letsgetthatbookingApp.swift */,
				BC83BA1D267A97050055B764 /* ContentView.swift */,
				BC83BA1E267A97060055B764 /* Assets.xcassets */,
			);
			path = Shared;
			sourceTree = "<group>";
		};
		BC83BA24267A97060055B764 /* Products */ = {
			isa = PBXGroup;
			children = (
				BC83BA23267A97060055B764 /* letsgetthatbooking.app */,
				BC83BA2B267A97060055B764 /* letsgetthatbooking.app */,
			);
			name = Products;
			sourceTree = "<group>";
		};
		BC83BA25267A97060055B764 /* iOS */ = {
			isa = PBXGroup;
			children = (
				BC83BA26267A97060055B764 /* Info.plist */,
			);
			path = iOS;
			sourceTree = "<group>";
		};
		BC83BA2C267A97060055B764 /* macOS */ = {
			isa = PBXGroup;
			children = (
				BC83BA2D267A97060055B764 /* Info.plist */,
				BC83BA2E267A97060055B764 /* macOS.entitlements */,
			);
			path = macOS;
			sourceTree = "<group>";
		};
/* End PBXGroup section */

/* Begin PBXNativeTarget section */
		BC83BA22267A97060055B764 /* letsgetthatbooking (iOS) */ = {
			isa = PBXNativeTarget;
			buildConfigurationList = BC83BA37267A97060055B764 /* Build configuration list for PBXNativeTarget "letsgetthatbooking (iOS)" */;
			buildPhases = (
				BC83BA1F267A97060055B764 /* Sources */,
				BC83BA20267A97060055B764 /* Frameworks */,
				BC83BA21267A97060055B764 /* Resources */,
			);
			buildRules = (
			);
			dependencies = (
			);
			name = "letsgetthatbooking (iOS)";
			productName = "letsgetthatbooking (iOS)";
			productReference = BC83BA23267A97060055B764 /* letsgetthatbooking.app */;
			productType = "com.apple.product-type.application";
		};
		BC83BA2A267A97060055B764 /* letsgetthatbooking (macOS) */ = {
			isa = PBXNativeTarget;
			buildConfigurationList = BC83BA3A267A97060055B764 /* Build configuration list for PBXNativeTarget "letsgetthatbooking (macOS)" */;
			buildPhases = (
				BC83BA27267A97060055B764 /* Sources */,
				BC83BA28267A97060055B764 /* Frameworks */,
				BC83BA29267A97060055B764 /* Resources */,
			);
			buildRules = (
			);
			dependencies = (
			);
			name = "letsgetthatbooking (macOS)";
			productName = "letsgetthatbooking (macOS)";
			productReference = BC83BA2B267A97060055B764 /* letsgetthatbooking.app */;
			productType = "com.apple.product-type.application";
		};
/* End PBXNativeTarget section */

/* Begin PBXProject section */
		BC83BA17267A97050055B764 /* Project object */ = {
			isa = PBXProject;
			attributes = {
				LastSwiftUpdateCheck = 1250;
				LastUpgradeCheck = 1250;
				TargetAttributes = {
					BC83BA22267A97060055B764 = {
						CreatedOnToolsVersion = 12.5;
					};
					BC83BA2A267A97060055B764 = {
						CreatedOnToolsVersion = 12.5;
					};
				};
			};
			buildConfigurationList = BC83BA1A267A97050055B764 /* Build configuration list for PBXProject "letsgetthatbooking" */;
			compatibilityVersion = "Xcode 9.3";
			developmentRegion = en;
			hasScannedForEncodings = 0;
			knownRegions = (
				en,
				Base,
			);
			mainGroup = BC83BA16267A97050055B764;
			productRefGroup = BC83BA24267A97060055B764 /* Products */;
			projectDirPath = "";
			projectRoot = "";
			targets = (
				BC83BA22267A97060055B764 /* letsgetthatbooking (iOS) */,
				BC83BA2A267A97060055B764 /* letsgetthatbooking (macOS) */,
			);
		};
/* End PBXProject section */

/* Begin PBXResourcesBuildPhase section */
		BC83BA21267A97060055B764 /* Resources */ = {
			isa = PBXResourcesBuildPhase;
			buildActionMask = 2147483647;
			files = (
				BC83BA33267A97060055B764 /* Assets.xcassets in Resources */,
			);
			runOnlyForDeploymentPostprocessing = 0;
		};
		BC83BA29267A97060055B764 /* Resources */ = {
			isa = PBXResourcesBuildPhase;
			buildActionMask = 2147483647;
			files = (
				BC83BA34267A97060055B764 /* Assets.xcassets in Resources */,
			);
			runOnlyForDeploymentPostprocessing = 0;
		};
/* End PBXResourcesBuildPhase section */

/* Begin PBXSourcesBuildPhase section */
		BC83BA1F267A97060055B764 /* Sources */ = {
			isa = PBXSourcesBuildPhase;
			buildActionMask = 2147483647;
			files = (
				BC83BA31267A97060055B764 /* ContentView.swift in Sources */,
				BC83BA2F267A97060055B764 /* letsgetthatbookingApp.swift in Sources */,
			);
			runOnlyForDeploymentPostprocessing = 0;
		};
		BC83BA27267A97060055B764 /* Sources */ = {
			isa = PBXSourcesBuildPhase;
			buildActionMask = 2147483647;
			files = (
				BC83BA32267A97060055B764 /* ContentView.swift in Sources */,
				BC83BA30267A97060055B764 /* letsgetthatbookingApp.swift in Sources */,
			);
			runOnlyForDeploymentPostprocessing = 0;
		};
/* End PBXSourcesBuildPhase section */

/* Begin XCBuildConfiguration section */
		BC83BA35267A97060055B764 /* Debug */ = {
			isa = XCBuildConfiguration;
			buildSettings = {
				ALWAYS_SEARCH_USER_PATHS = NO;
				CLANG_ANALYZER_NONNULL = YES;
				CLANG_ANALYZER_NUMBER_OBJECT_CONVERSION = YES_AGGRESSIVE;
				CLANG_CXX_LANGUAGE_STANDARD = "gnu++14";
				CLANG_CXX_LIBRARY = "libc++";
				CLANG_ENABLE_MODULES = YES;
				CLANG_ENABLE_OBJC_ARC = YES;
				CLANG_ENABLE_OBJC_WEAK = YES;
				CLANG_WARN_BLOCK_CAPTURE_AUTORELEASING = YES;
				CLANG_WARN_BOOL_CONVERSION = YES;
				CLANG_WARN_COMMA = YES;
				CLANG_WARN_CONSTANT_CONVERSION = YES;
				CLANG_WARN_DEPRECATED_OBJC_IMPLEMENTATIONS = YES;
				CLANG_WARN_DIRECT_OBJC_ISA_USAGE = YES_ERROR;
				CLANG_WARN_DOCUMENTATION_COMMENTS = YES;
				CLANG_WARN_EMPTY_BODY = YES;
				CLANG_WARN_ENUM_CONVERSION = YES;
				CLANG_WARN_INFINITE_RECURSION = YES;
				CLANG_WARN_INT_CONVERSION = YES;
				CLANG_WARN_NON_LITERAL_NULL_CONVERSION = YES;
				CLANG_WARN_OBJC_IMPLICIT_RETAIN_SELF = YES;
				CLANG_WARN_OBJC_LITERAL_CONVERSION = YES;
				CLANG_WARN_OBJC_ROOT_CLASS = YES_ERROR;
				CLANG_WARN_QUOTED_INCLUDE_IN_FRAMEWORK_HEADER = YES;
				CLANG_WARN_RANGE_LOOP_ANALYSIS = YES;
				CLANG_WARN_STRICT_PROTOTYPES = YES;
				CLANG_WARN_SUSPICIOUS_MOVE = YES;
				CLANG_WARN_UNGUARDED_AVAILABILITY = YES_AGGRESSIVE;
				CLANG_WARN_UNREACHABLE_CODE = YES;
				CLANG_WARN__DUPLICATE_METHOD_MATCH = YES;
				COPY_PHASE_STRIP = NO;
				DEBUG_INFORMATION_FORMAT = dwarf;
				ENABLE_STRICT_OBJC_MSGSEND = YES;
				ENABLE_TESTABILITY = YES;
				GCC_C_LANGUAGE_STANDARD = gnu11;
				GCC_DYNAMIC_NO_PIC = NO;
				GCC_NO_COMMON_BLOCKS = YES;
				GCC_OPTIMIZATION_LEVEL = 0;
				GCC_PREPROCESSOR_DEFINITIONS = (
					"DEBUG=1",
					"$(inherited)",
				);
				GCC_WARN_64_TO_32_BIT_CONVERSION = YES;
				GCC_WARN_ABOUT_RETURN_TYPE = YES_ERROR;
				GCC_WARN_UNDECLARED_SELECTOR = YES;
				GCC_WARN_UNINITIALIZED_AUTOS = YES_AGGRESSIVE;
				GCC_WARN_UNUSED_FUNCTION = YES;
				GCC_WARN_UNUSED_VARIABLE = YES;
				MTL_ENABLE_DEBUG_INFO = INCLUDE_SOURCE;
				MTL_FAST_MATH = YES;
				ONLY_ACTIVE_ARCH = YES;
				SWIFT_ACTIVE_COMPILATION_CONDITIONS = DEBUG;
				SWIFT_OPTIMIZATION_LEVEL = "-Onone";
			};
			name = Debug;
		};
		BC83BA36267A97060055B764 /* Release */ = {
			isa = XCBuildConfiguration;
			buildSettings = {
				ALWAYS_SEARCH_USER_PATHS = NO;
				CLANG_ANALYZER_NONNULL = YES;
				CLANG_ANALYZER_NUMBER_OBJECT_CONVERSION = YES_AGGRESSIVE;
				CLANG_CXX_LANGUAGE_STANDARD = "gnu++14";
				CLANG_CXX_LIBRARY = "libc++";
				CLANG_ENABLE_MODULES = YES;
				CLANG_ENABLE_OBJC_ARC = YES;
				CLANG_ENABLE_OBJC_WEAK = YES;
				CLANG_WARN_BLOCK_CAPTURE_AUTORELEASING = YES;
				CLANG_WARN_BOOL_CONVERSION = YES;
				CLANG_WARN_COMMA = YES;
				CLANG_WARN_CONSTANT_CONVERSION = YES;
				CLANG_WARN_DEPRECATED_OBJC_IMPLEMENTATIONS = YES;
				CLANG_WARN_DIRECT_OBJC_ISA_USAGE = YES_ERROR;
				CLANG_WARN_DOCUMENTATION_COMMENTS = YES;
				CLANG_WARN_EMPTY_BODY = YES;
				CLANG_WARN_ENUM_CONVERSION = YES;
				CLANG_WARN_INFINITE_RECURSION = YES;
				CLANG_WARN_INT_CONVERSION = YES;
				CLANG_WARN_NON_LITERAL_NULL_CONVERSION = YES;
				CLANG_WARN_OBJC_IMPLICIT_RETAIN_SELF = YES;
				CLANG_WARN_OBJC_LITERAL_CONVERSION = YES;
				CLANG_WARN_OBJC_ROOT_CLASS = YES_ERROR;
				CLANG_WARN_QUOTED_INCLUDE_IN_FRAMEWORK_HEADER = YES;
				CLANG_WARN_RANGE_LOOP_ANALYSIS = YES;
				CLANG_WARN_STRICT_PROTOTYPES = YES;
				CLANG_WARN_SUSPICIOUS_MOVE = YES;
				CLANG_WARN_UNGUARDED_AVAILABILITY = YES_AGGRESSIVE;
				CLANG_WARN_UNREACHABLE_CODE = YES;
				CLANG_WARN__DUPLICATE_METHOD_MATCH = YES;
				COPY_PHASE_STRIP = NO;
				DEBUG_INFORMATION_FORMAT = "dwarf-with-dsym";
				ENABLE_NS_ASSERTIONS = NO;
				ENABLE_STRICT_OBJC_MSGSEND = YES;
				GCC_C_LANGUAGE_STANDARD = gnu11;
				GCC_NO_COMMON_BLOCKS = YES;
				GCC_WARN_64_TO_32_BIT_CONVERSION = YES;
				GCC_WARN_ABOUT_RETURN_TYPE = YES_ERROR;
				GCC_WARN_UNDECLARED_SELECTOR = YES;
				GCC_WARN_UNINITIALIZED_AUTOS = YES_AGGRESSIVE;
				GCC_WARN_UNUSED_FUNCTION = YES;
				GCC_WARN_UNUSED_VARIABLE = YES;
				MTL_ENABLE_DEBUG_INFO = NO;
				MTL_FAST_MATH = YES;
				SWIFT_COMPILATION_MODE = wholemodule;
				SWIFT_OPTIMIZATION_LEVEL = "-O";
			};
			name = Release;
		};
		BC83BA38267A97060055B764 /* Debug */ = {
			isa = XCBuildConfiguration;
			buildSettings = {
				ASSETCATALOG_COMPILER_APPICON_NAME = AppIcon;
				ASSETCATALOG_COMPILER_GLOBAL_ACCENT_COLOR_NAME = AccentColor;
				CODE_SIGN_STYLE = Automatic;
				ENABLE_PREVIEWS = YES;
				INFOPLIST_FILE = iOS/Info.plist;
				IPHONEOS_DEPLOYMENT_TARGET = 14.0;
				LD_RUNPATH_SEARCH_PATHS = (
					"$(inherited)",
					"@executable_path/Frameworks",
				);
				PRODUCT_BUNDLE_IDENTIFIER = jw.letsgetthatbooking;
				PRODUCT_NAME = letsgetthatbooking;
				SDKROOT = iphoneos;
				SWIFT_VERSION = 5.0;
				TARGETED_DEVICE_FAMILY = "1,2";
			};
			name = Debug;
		};
		BC83BA39267A97060055B764 /* Release */ = {
			isa = XCBuildConfiguration;
			buildSettings = {
				ASSETCATALOG_COMPILER_APPICON_NAME = AppIcon;
				ASSETCATALOG_COMPILER_GLOBAL_ACCENT_COLOR_NAME = AccentColor;
				CODE_SIGN_STYLE = Automatic;
				ENABLE_PREVIEWS = YES;
				INFOPLIST_FILE = iOS/Info.plist;
				IPHONEOS_DEPLOYMENT_TARGET = 14.0;
				LD_RUNPATH_SEARCH_PATHS = (
					"$(inherited)",
					"@executable_path/Frameworks",
				);
				PRODUCT_BUNDLE_IDENTIFIER = jw.letsgetthatbooking;
				PRODUCT_NAME = letsgetthatbooking;
				SDKROOT = iphoneos;
				SWIFT_VERSION = 5.0;
				TARGETED_DEVICE_FAMILY = "1,2";
				VALIDATE_PRODUCT = YES;
			};
			name = Release;
		};
		BC83BA3B267A97060055B764 /* Debug */ = {
			isa = XCBuildConfiguration;
			buildSettings = {
				ASSETCATALOG_COMPILER_APPICON_NAME = AppIcon;
				ASSETCATALOG_COMPILER_GLOBAL_ACCENT_COLOR_NAME = AccentColor;
				CODE_SIGN_ENTITLEMENTS = macOS/macOS.entitlements;
				CODE_SIGN_STYLE = Automatic;
				COMBINE_HIDPI_IMAGES = YES;
				ENABLE_PREVIEWS = YES;
				INFOPLIST_FILE = macOS/Info.plist;
				LD_RUNPATH_SEARCH_PATHS = (
					"$(inherited)",
					"@executable_path/../Frameworks",
				);
				MACOSX_DEPLOYMENT_TARGET = 11.0;
				PRODUCT_BUNDLE_IDENTIFIER = jw.letsgetthatbooking;
				PRODUCT_NAME = letsgetthatbooking;
				SDKROOT = macosx;
				SWIFT_VERSION = 5.0;
			};
			name = Debug;
		};
		BC83BA3C267A97060055B764 /* Release */ = {
			isa = XCBuildConfiguration;
			buildSettings = {
				ASSETCATALOG_COMPILER_APPICON_NAME = AppIcon;
				ASSETCATALOG_COMPILER_GLOBAL_ACCENT_COLOR_NAME = AccentColor;
				CODE_SIGN_ENTITLEMENTS = macOS/macOS.entitlements;
				CODE_SIGN_STYLE = Automatic;
				COMBINE_HIDPI_IMAGES = YES;
				ENABLE_PREVIEWS = YES;
				INFOPLIST_FILE = macOS/Info.plist;
				LD_RUNPATH_SEARCH_PATHS = (
					"$(inherited)",
					"@executable_path/../Frameworks",
				);
				MACOSX_DEPLOYMENT_TARGET = 11.0;
				PRODUCT_BUNDLE_IDENTIFIER = jw.letsgetthatbooking;
				PRODUCT_NAME = letsgetthatbooking;
				SDKROOT = macosx;
				SWIFT_VERSION = 5.0;
			};
			name = Release;
		};
/* End XCBuildConfiguration section */

/* Begin XCConfigurationList section */
		BC83BA1A267A97050055B764 /* Build configuration list for PBXProject "letsgetthatbooking" */ = {
			isa = XCConfigurationList;
			buildConfigurations = (
				BC83BA35267A97060055B764 /* Debug */,
				BC83BA36267A97060055B764 /* Release */,
			);
			defaultConfigurationIsVisible = 0;
			defaultConfigurationName = Release;
		};
		BC83BA37267A97060055B764 /* Build configuration list for PBXNativeTarget "letsgetthatbooking (iOS)" */ = {
			isa = XCConfigurationList;
			buildConfigurations = (
				BC83BA38267A97060055B764 /* Debug */,
				BC83BA39267A97060055B764 /* Release */,
			);
			defaultConfigurationIsVisible = 0;
			defaultConfigurationName = Release;
		};
		BC83BA3A267A97060055B764 /* Build configuration list for PBXNativeTarget "letsgetthatbooking (macOS)" */ = {
			isa = XCConfigurationList;
			buildConfigurations = (
				BC83BA3B267A97060055B764 /* Debug */,
				BC83BA3C267A97060055B764 /* Release */,
			);
			defaultConfigurationIsVisible = 0;
			defaultConfigurationName = Release;
		};
/* End XCConfigurationList section */
	};
	rootObject = BC83BA17267A97050055B764 /* Project object */;
}
